{
  "originHash" : "99d91c19240d69188427b3369e2f8d6c77ff744ee6fe9da52573b26817d1b336",
  "pins" : [
    {
      "identity" : "swift-syntax",
      "kind" : "remoteSourceControl",
      "location" : "https://github.com/apple/swift-syntax.git",
      "state" : {
        "revision" : "4c6cc0a3b9e8f14b3ae2307c5ccae4de6167ac2c",
        "version" : "600.0.0-prerelease-2024-06-12"
      }
    }
  ],
  "version" : 3
}
