{
  "originHash" : "4869858d5e02930efdcbbf5d50c17354120491009032f66232628d4f90157a91",
  "pins" : [
    {
      "identity" : "swift-syntax",
      "kind" : "remoteSourceControl",
      "location" : "https://github.com/apple/swift-syntax.git",
      "state" : {
        "revision" : "1103c45ece4f7fe160b8f75b4ea1ee2e5fac1841",
        "version" : "601.0.0-prerelease-2025-03-04"
      }
    }
  ],
  "version" : 3
}
