{
  "originHash" : "d502d5b1730deb4397dbba44a7ed003c144b2d5d06e71af6927884bf8afe429d",
  "pins" : [
    {
      "identity" : "swift-syntax",
      "kind" : "remoteSourceControl",
      "location" : "https://github.com/apple/swift-syntax.git",
      "state" : {
        "revision" : "91444aa84639349d8a02304b24cca598500b4466",
        "version" : "601.0.0-prerelease-2024-10-30"
      }
    }
  ],
  "version" : 3
}
